{
  "name": "开发实战",
  "lockfileVersion": 2,
  "requires": true,
  "packages": {
    "": {
      "dependencies": {
        "@vant/weapp": "^1.6.6"
      }
    },
    "node_modules/@vant/weapp": {
      "version": "1.6.6",
      "resolved": "https://registry.npm.taobao.org/@vant/weapp/download/@vant/weapp-1.6.6.tgz?cache=0&sync_timestamp=1611218511468&other_urls=https%3A%2F%2Fregistry.npm.taobao.org%2F%40vant%2Fweapp%2Fdownload%2F%40vant%2Fweapp-1.6.6.tgz",
      "integrity": "sha1-q+goNMlPsk1mwuJr15qg+/8FhiA="
    }
  },
  "dependencies": {
    "@vant/weapp": {
      "version": "1.6.6",
      "resolved": "https://registry.npm.taobao.org/@vant/weapp/download/@vant/weapp-1.6.6.tgz?cache=0&sync_timestamp=1611218511468&other_urls=https%3A%2F%2Fregistry.npm.taobao.org%2F%40vant%2Fweapp%2Fdownload%2F%40vant%2Fweapp-1.6.6.tgz",
      "integrity": "sha1-q+goNMlPsk1mwuJr15qg+/8FhiA="
    }
  }
}
