{
  "name": "ONLY",
  "lockfileVersion": 2,
  "requires": true,
  "packages": {
    "": {
      "dependencies": {
        "@vant/weapp": "^1.6.7"
      }
    },
    "node_modules/@vant/weapp": {
      "version": "1.6.7",
      "resolved": "https://registry.npm.taobao.org/@vant/weapp/download/@vant/weapp-1.6.7.tgz",
      "integrity": "sha1-OggtJFm3eTIJdjwgWbQvy11au48="
    }
  },
  "dependencies": {
    "@vant/weapp": {
      "version": "1.6.7",
      "resolved": "https://registry.npm.taobao.org/@vant/weapp/download/@vant/weapp-1.6.7.tgz",
      "integrity": "sha1-OggtJFm3eTIJdjwgWbQvy11au48="
    }
  }
}
