{
  "requires": true,
  "lockfileVersion": 1,
  "dependencies": {
    "@ant-design/colors": {
      "version": "6.0.0",
      "resolved": "https://registry.npm.taobao.org/@ant-design/colors/download/@ant-design/colors-6.0.0.tgz?cache=0&sync_timestamp=1612935497491&other_urls=https%3A%2F%2Fregistry.npm.taobao.org%2F%40ant-design%2Fcolors%2Fdownload%2F%40ant-design%2Fcolors-6.0.0.tgz",
      "integrity": "sha1-m5NmJXz/zEfbQrnQIDu1ksE8Apg=",
      "requires": {
        "@ctrl/tinycolor": "^3.4.0"
      }
    },
    "@ant-design/icons": {
      "version": "4.6.2",
      "resolved": "https://registry.npm.taobao.org/@ant-design/icons/download/@ant-design/icons-4.6.2.tgz",
      "integrity": "sha1-KQ8ujN5QWrCB/aY+UR6C08SL6YI=",
      "requires": {
        "@ant-design/colors": "^6.0.0",
        "@ant-design/icons-svg": "^4.0.0",
        "@babel/runtime": "^7.11.2",
        "classnames": "^2.2.6",
        "rc-util": "^5.9.4"
      }
    },
    "@ant-design/icons-svg": {
      "version": "4.1.0",
      "resolved": "https://registry.npm.taobao.org/@ant-design/icons-svg/download/@ant-design/icons-svg-4.1.0.tgz",
      "integrity": "sha1-SAsCX0sg73/o9H1KSEbk/uhOoGw="
    },
    "@ant-design/react-slick": {
      "version": "0.28.2",
      "resolved": "https://registry.npm.taobao.org/@ant-design/react-slick/download/@ant-design/react-slick-0.28.2.tgz?cache=0&sync_timestamp=1613730584530&other_urls=https%3A%2F%2Fregistry.npm.taobao.org%2F%40ant-design%2Freact-slick%2Fdownload%2F%40ant-design%2Freact-slick-0.28.2.tgz",
      "integrity": "sha1-0oJvioN7hrjZyww4Uz7opJFiHxs=",
      "requires": {
        "@babel/runtime": "^7.10.4",
        "classnames": "^2.2.5",
        "json2mq": "^0.2.0",
        "lodash": "^4.17.15",
        "resize-observer-polyfill": "^1.5.0"
      }
    },
    "@babel/runtime": {
      "version": "7.13.10",
      "resolved": "https://registry.npm.taobao.org/@babel/runtime/download/@babel/runtime-7.13.10.tgz?cache=0&sync_timestamp=1615243284383&other_urls=https%3A%2F%2Fregistry.npm.taobao.org%2F%40babel%2Fruntime%2Fdownload%2F%40babel%2Fruntime-7.13.10.tgz",
      "integrity": "sha1-R9QqV7YJX0Ro2kQDiP262L6/DX0=",
      "requires": {
        "regenerator-runtime": "^0.13.4"
      }
    },
    "@ctrl/tinycolor": {
      "version": "3.4.0",
      "resolved": "https://registry.npm.taobao.org/@ctrl/tinycolor/download/@ctrl/tinycolor-3.4.0.tgz",
      "integrity": "sha1-w8WuVDyJfKqcKmhjC+01W+X5mQ8="
    },
    "antd": {
      "version": "4.14.0",
      "resolved": "https://registry.npm.taobao.org/antd/download/antd-4.14.0.tgz",
      "integrity": "sha1-lUxFVLM+dkIV3QnTePYbgfVoJVg=",
      "requires": {
        "@ant-design/colors": "^6.0.0",
        "@ant-design/icons": "^4.5.0",
        "@ant-design/react-slick": "~0.28.1",
        "@babel/runtime": "^7.12.5",
        "array-tree-filter": "^2.1.0",
        "classnames": "^2.2.6",
        "copy-to-clipboard": "^3.2.0",
        "lodash": "^4.17.20",
        "moment": "^2.25.3",
        "rc-cascader": "~1.4.0",
        "rc-checkbox": "~2.3.0",
        "rc-collapse": "~3.1.0",
        "rc-dialog": "~8.5.1",
        "rc-drawer": "~4.3.0",
        "rc-dropdown": "~3.2.0",
        "rc-field-form": "~1.20.0",
        "rc-image": "~5.2.3",
        "rc-input-number": "~7.0.1",
        "rc-mentions": "~1.5.0",
        "rc-menu": "~8.10.0",
        "rc-motion": "^2.4.0",
        "rc-notification": "~4.5.2",
        "rc-pagination": "~3.1.6",
        "rc-picker": "~2.5.10",
        "rc-progress": "~3.1.0",
        "rc-rate": "~2.9.0",
        "rc-resize-observer": "^1.0.0",
        "rc-select": "~12.1.6",
        "rc-slider": "~9.7.1",
        "rc-steps": "~4.1.0",
        "rc-switch": "~3.2.0",
        "rc-table": "~7.13.0",
        "rc-tabs": "~11.7.0",
        "rc-textarea": "~0.3.0",
        "rc-tooltip": "~5.1.0",
        "rc-tree": "~4.1.0",
        "rc-tree-select": "~4.3.0",
        "rc-trigger": "^5.2.1",
        "rc-upload": "~4.2.0-alpha.0",
        "rc-util": "^5.8.1",
        "scroll-into-view-if-needed": "^2.2.25",
        "warning": "^4.0.3"
      }
    },
    "array-tree-filter": {
      "version": "2.1.0",
      "resolved": "https://registry.npm.taobao.org/array-tree-filter/download/array-tree-filter-2.1.0.tgz",
      "integrity": "sha1-hzrAD+yDdJ8lWsjdCDgUtPYykZA="
    },
    "async-validator": {
      "version": "3.5.1",
      "resolved": "https://registry.npm.taobao.org/async-validator/download/async-validator-3.5.1.tgz?cache=0&sync_timestamp=1605749896979&other_urls=https%3A%2F%2Fregistry.npm.taobao.org%2Fasync-validator%2Fdownload%2Fasync-validator-3.5.1.tgz",
      "integrity": "sha1-zWK5aIskZfSEIOJ620d2CrG1VZ8="
    },
    "classnames": {
      "version": "2.2.6",
      "resolved": "https://registry.npm.taobao.org/classnames/download/classnames-2.2.6.tgz",
      "integrity": "sha1-Q5Nb/90pHzJtrQogUwmzjQD2UM4="
    },
    "compute-scroll-into-view": {
      "version": "1.0.17",
      "resolved": "https://registry.npm.taobao.org/compute-scroll-into-view/download/compute-scroll-into-view-1.0.17.tgz?cache=0&sync_timestamp=1614043098321&other_urls=https%3A%2F%2Fregistry.npm.taobao.org%2Fcompute-scroll-into-view%2Fdownload%2Fcompute-scroll-into-view-1.0.17.tgz",
      "integrity": "sha1-aojxis2dQunPS6pr7H4FImB6t6s="
    },
    "copy-to-clipboard": {
      "version": "3.3.1",
      "resolved": "https://registry.npm.taobao.org/copy-to-clipboard/download/copy-to-clipboard-3.3.1.tgz",
      "integrity": "sha1-EVqhqZmP+rYZb5MHatbaO5E2Yq4=",
      "requires": {
        "toggle-selection": "^1.0.6"
      }
    },
    "date-fns": {
      "version": "2.19.0",
      "resolved": "https://registry.npm.taobao.org/date-fns/download/date-fns-2.19.0.tgz",
      "integrity": "sha1-ZRkzSGNaKNXZFsQ+x85vvRRQWeE="
    },
    "dom-align": {
      "version": "1.12.0",
      "resolved": "https://registry.npm.taobao.org/dom-align/download/dom-align-1.12.0.tgz",
      "integrity": "sha1-VvtxVt8LkQmYMDZNLUj4iWP1opw="
    },
    "history": {
      "version": "4.10.1",
      "resolved": "https://registry.npm.taobao.org/history/download/history-4.10.1.tgz",
      "integrity": "sha1-MzcaZeOoOyZ0NOKz87G0xYqtTPM=",
      "requires": {
        "@babel/runtime": "^7.1.2",
        "loose-envify": "^1.2.0",
        "resolve-pathname": "^3.0.0",
        "tiny-invariant": "^1.0.2",
        "tiny-warning": "^1.0.0",
        "value-equal": "^1.0.1"
      }
    },
    "hoist-non-react-statics": {
      "version": "3.3.2",
      "resolved": "https://registry.npm.taobao.org/hoist-non-react-statics/download/hoist-non-react-statics-3.3.2.tgz?cache=0&sync_timestamp=1596721617088&other_urls=https%3A%2F%2Fregistry.npm.taobao.org%2Fhoist-non-react-statics%2Fdownload%2Fhoist-non-react-statics-3.3.2.tgz",
      "integrity": "sha1-7OCsr3HWLClpwuxZ/v9CpLGoW0U=",
      "requires": {
        "react-is": "^16.7.0"
      }
    },
    "isarray": {
      "version": "0.0.1",
      "resolved": "https://registry.npm.taobao.org/isarray/download/isarray-0.0.1.tgz",
      "integrity": "sha1-ihis/Kmo9Bd+Cav8YDiTmwXR7t8="
    },
    "js-tokens": {
      "version": "4.0.0",
      "resolved": "https://registry.npm.taobao.org/js-tokens/download/js-tokens-4.0.0.tgz",
      "integrity": "sha1-GSA/tZmR35jjoocFDUZHzerzJJk="
    },
    "json2mq": {
      "version": "0.2.0",
      "resolved": "https://registry.npm.taobao.org/json2mq/download/json2mq-0.2.0.tgz",
      "integrity": "sha1-tje9O6nqvhIsg+lyBIOusQ0skEo=",
      "requires": {
        "string-convert": "^0.2.0"
      }
    },
    "lodash": {
      "version": "4.17.21",
      "resolved": "https://registry.npm.taobao.org/lodash/download/lodash-4.17.21.tgz?cache=0&sync_timestamp=1613835817439&other_urls=https%3A%2F%2Fregistry.npm.taobao.org%2Flodash%2Fdownload%2Flodash-4.17.21.tgz",
      "integrity": "sha1-Z5WRxWTDv/quhFTPCz3zcMPWkRw="
    },
    "loose-envify": {
      "version": "1.4.0",
      "resolved": "https://registry.npm.taobao.org/loose-envify/download/loose-envify-1.4.0.tgz",
      "integrity": "sha1-ce5R+nvkyuwaY4OffmgtgTLTDK8=",
      "requires": {
        "js-tokens": "^3.0.0 || ^4.0.0"
      }
    },
    "mini-create-react-context": {
      "version": "0.4.1",
      "resolved": "https://registry.npm.taobao.org/mini-create-react-context/download/mini-create-react-context-0.4.1.tgz?cache=0&sync_timestamp=1603392178687&other_urls=https%3A%2F%2Fregistry.npm.taobao.org%2Fmini-create-react-context%2Fdownload%2Fmini-create-react-context-0.4.1.tgz",
      "integrity": "sha1-ByFxVhv9ySLaCKYMIZekl8wtHV4=",
      "requires": {
        "@babel/runtime": "^7.12.1",
        "tiny-warning": "^1.0.3"
      }
    },
    "mini-store": {
      "version": "3.0.6",
      "resolved": "https://registry.npm.taobao.org/mini-store/download/mini-store-3.0.6.tgz?cache=0&sync_timestamp=1596178831497&other_urls=https%3A%2F%2Fregistry.npm.taobao.org%2Fmini-store%2Fdownload%2Fmini-store-3.0.6.tgz",
      "integrity": "sha1-RLhr5bKHcnEiTOBomzo1ot/7HKk=",
      "requires": {
        "hoist-non-react-statics": "^3.3.2",
        "shallowequal": "^1.0.2"
      }
    },
    "moment": {
      "version": "2.29.1",
      "resolved": "https://registry.npm.taobao.org/moment/download/moment-2.29.1.tgz?cache=0&sync_timestamp=1601983320283&other_urls=https%3A%2F%2Fregistry.npm.taobao.org%2Fmoment%2Fdownload%2Fmoment-2.29.1.tgz",
      "integrity": "sha1-sr52n6MZQL6e7qZGnAdeNQBvo9M="
    },
    "object-assign": {
      "version": "4.1.1",
      "resolved": "https://registry.npm.taobao.org/object-assign/download/object-assign-4.1.1.tgz",
      "integrity": "sha1-IQmtx5ZYh8/AXLvUQsrIv7s2CGM="
    },
    "path-to-regexp": {
      "version": "1.8.0",
      "resolved": "https://registry.npm.taobao.org/path-to-regexp/download/path-to-regexp-1.8.0.tgz?cache=0&other_urls=https%3A%2F%2Fregistry.npm.taobao.org%2Fpath-to-regexp%2Fdownload%2Fpath-to-regexp-1.8.0.tgz",
      "integrity": "sha1-iHs7qdhDk+h6CgufTLdWGYtTVIo=",
      "requires": {
        "isarray": "0.0.1"
      }
    },
    "prop-types": {
      "version": "15.7.2",
      "resolved": "https://registry.npm.taobao.org/prop-types/download/prop-types-15.7.2.tgz",
      "integrity": "sha1-UsQedbjIfnK52TYOAga5ncv/psU=",
      "requires": {
        "loose-envify": "^1.4.0",
        "object-assign": "^4.1.1",
        "react-is": "^16.8.1"
      }
    },
    "rc-align": {
      "version": "4.0.9",
      "resolved": "https://registry.npm.taobao.org/rc-align/download/rc-align-4.0.9.tgz?cache=0&sync_timestamp=1604568302408&other_urls=https%3A%2F%2Fregistry.npm.taobao.org%2Frc-align%2Fdownload%2Frc-align-4.0.9.tgz",
      "integrity": "sha1-RtiAHEoTn/amWtFnTo786smPhfI=",
      "requires": {
        "@babel/runtime": "^7.10.1",
        "classnames": "2.x",
        "dom-align": "^1.7.0",
        "rc-util": "^5.3.0",
        "resize-observer-polyfill": "^1.5.1"
      }
    },
    "rc-cascader": {
      "version": "1.4.2",
      "resolved": "https://registry.npm.taobao.org/rc-cascader/download/rc-cascader-1.4.2.tgz?cache=0&sync_timestamp=1610106956063&other_urls=https%3A%2F%2Fregistry.npm.taobao.org%2Frc-cascader%2Fdownload%2Frc-cascader-1.4.2.tgz",
      "integrity": "sha1-yqgQmOPvTV+CP5FW9tjW29YyGvo=",
      "requires": {
        "@babel/runtime": "^7.12.5",
        "array-tree-filter": "^2.1.0",
        "rc-trigger": "^5.0.4",
        "rc-util": "^5.0.1",
        "warning": "^4.0.1"
      }
    },
    "rc-checkbox": {
      "version": "2.3.2",
      "resolved": "https://registry.npm.taobao.org/rc-checkbox/download/rc-checkbox-2.3.2.tgz?cache=0&other_urls=https%3A%2F%2Fregistry.npm.taobao.org%2Frc-checkbox%2Fdownload%2Frc-checkbox-2.3.2.tgz",
      "integrity": "sha1-+Rs2eMftsrqoEhyUg8Zk+m8K78E=",
      "requires": {
        "@babel/runtime": "^7.10.1",
        "classnames": "^2.2.1"
      }
    },
    "rc-collapse": {
      "version": "3.1.0",
      "resolved": "https://registry.npm.taobao.org/rc-collapse/download/rc-collapse-3.1.0.tgz?cache=0&sync_timestamp=1606217065785&other_urls=https%3A%2F%2Fregistry.npm.taobao.org%2Frc-collapse%2Fdownload%2Frc-collapse-3.1.0.tgz",
      "integrity": "sha1-TOXmElaMX76vNozDkhRHHBRhoaE=",
      "requires": {
        "@babel/runtime": "^7.10.1",
        "classnames": "2.x",
        "rc-motion": "^2.3.4",
        "rc-util": "^5.2.1",
        "shallowequal": "^1.1.0"
      }
    },
    "rc-dialog": {
      "version": "8.5.2",
      "resolved": "https://registry.npm.taobao.org/rc-dialog/download/rc-dialog-8.5.2.tgz?cache=0&other_urls=https%3A%2F%2Fregistry.npm.taobao.org%2Frc-dialog%2Fdownload%2Frc-dialog-8.5.2.tgz",
      "integrity": "sha1-Uw4onCWjHBXIWg6KS6PzNBS/9Bg=",
      "requires": {
        "@babel/runtime": "^7.10.1",
        "classnames": "^2.2.6",
        "rc-motion": "^2.3.0",
        "rc-util": "^5.6.1"
      }
    },
    "rc-drawer": {
      "version": "4.3.1",
      "resolved": "https://registry.npm.taobao.org/rc-drawer/download/rc-drawer-4.3.1.tgz",
      "integrity": "sha1-NWMzp68Bt3er1oXJbCzmLvtE8/M=",
      "requires": {
        "@babel/runtime": "^7.10.1",
        "classnames": "^2.2.6",
        "rc-util": "^5.7.0"
      }
    },
    "rc-dropdown": {
      "version": "3.2.0",
      "resolved": "https://registry.npm.taobao.org/rc-dropdown/download/rc-dropdown-3.2.0.tgz?cache=0&sync_timestamp=1600332782526&other_urls=https%3A%2F%2Fregistry.npm.taobao.org%2Frc-dropdown%2Fdownload%2Frc-dropdown-3.2.0.tgz",
      "integrity": "sha1-2mwq2kA4QrruOp6Qmgsakbo+EJA=",
      "requires": {
        "@babel/runtime": "^7.10.1",
        "classnames": "^2.2.6",
        "rc-trigger": "^5.0.4"
      }
    },
    "rc-field-form": {
      "version": "1.20.0",
      "resolved": "https://registry.npm.taobao.org/rc-field-form/download/rc-field-form-1.20.0.tgz?cache=0&sync_timestamp=1615543508889&other_urls=https%3A%2F%2Fregistry.npm.taobao.org%2Frc-field-form%2Fdownload%2Frc-field-form-1.20.0.tgz",
      "integrity": "sha1-IgEJIJVCn38CCCVGKDXECG0rrxY=",
      "requires": {
        "@babel/runtime": "^7.8.4",
        "async-validator": "^3.0.3",
        "rc-util": "^5.8.0"
      }
    },
    "rc-image": {
      "version": "5.2.4",
      "resolved": "https://registry.npm.taobao.org/rc-image/download/rc-image-5.2.4.tgz?cache=0&sync_timestamp=1616050440574&other_urls=https%3A%2F%2Fregistry.npm.taobao.org%2Frc-image%2Fdownload%2Frc-image-5.2.4.tgz",
      "integrity": "sha1-/xBZ+Te95sqRjG8b6zFr66kR8lU=",
      "requires": {
        "@babel/runtime": "^7.11.2",
        "classnames": "^2.2.6",
        "rc-dialog": "~8.5.0",
        "rc-util": "^5.0.6"
      }
    },
    "rc-input-number": {
      "version": "7.0.2",
      "resolved": "https://registry.npm.taobao.org/rc-input-number/download/rc-input-number-7.0.2.tgz?cache=0&sync_timestamp=1615429785689&other_urls=https%3A%2F%2Fregistry.npm.taobao.org%2Frc-input-number%2Fdownload%2Frc-input-number-7.0.2.tgz",
      "integrity": "sha1-kT9PHnNNwP35rTHQd7m3X13TOJw=",
      "requires": {
        "@babel/runtime": "^7.10.1",
        "classnames": "^2.2.5",
        "rc-util": "^5.0.1"
      }
    },
    "rc-mentions": {
      "version": "1.5.3",
      "resolved": "https://registry.npm.taobao.org/rc-mentions/download/rc-mentions-1.5.3.tgz?cache=0&sync_timestamp=1610510746423&other_urls=https%3A%2F%2Fregistry.npm.taobao.org%2Frc-mentions%2Fdownload%2Frc-mentions-1.5.3.tgz",
      "integrity": "sha1-uSvrrfitn7NYa6Gvki1jtJ2ZHGc=",
      "requires": {
        "@babel/runtime": "^7.10.1",
        "classnames": "^2.2.6",
        "rc-menu": "^8.0.1",
        "rc-textarea": "^0.3.0",
        "rc-trigger": "^5.0.4",
        "rc-util": "^5.0.1"
      }
    },
    "rc-menu": {
      "version": "8.10.6",
      "resolved": "https://registry.npm.taobao.org/rc-menu/download/rc-menu-8.10.6.tgz",
      "integrity": "sha1-NMueQkf+Vv0k0SvHha+5QSijtF0=",
      "requires": {
        "@babel/runtime": "^7.10.1",
        "classnames": "2.x",
        "mini-store": "^3.0.1",
        "rc-motion": "^2.0.1",
        "rc-trigger": "^5.1.2",
        "rc-util": "^5.7.0",
        "resize-observer-polyfill": "^1.5.0",
        "shallowequal": "^1.1.0"
      }
    },
    "rc-motion": {
      "version": "2.4.1",
      "resolved": "https://registry.npm.taobao.org/rc-motion/download/rc-motion-2.4.1.tgz",
      "integrity": "sha1-Mj9HyGNeayvAy6LfrSX8QVtY4dw=",
      "requires": {
        "@babel/runtime": "^7.11.1",
        "classnames": "^2.2.1",
        "rc-util": "^5.2.1"
      }
    },
    "rc-notification": {
      "version": "4.5.5",
      "resolved": "https://registry.npm.taobao.org/rc-notification/download/rc-notification-4.5.5.tgz",
      "integrity": "sha1-lmCkldXyC9Z3aG5Pf8AOTwwaOEk=",
      "requires": {
        "@babel/runtime": "^7.10.1",
        "classnames": "2.x",
        "rc-motion": "^2.2.0",
        "rc-util": "^5.0.1"
      }
    },
    "rc-overflow": {
      "version": "1.0.2",
      "resolved": "https://registry.npm.taobao.org/rc-overflow/download/rc-overflow-1.0.2.tgz?cache=0&sync_timestamp=1609754977067&other_urls=https%3A%2F%2Fregistry.npm.taobao.org%2Frc-overflow%2Fdownload%2Frc-overflow-1.0.2.tgz",
      "integrity": "sha1-9WvNkgApl5mJ9XbVUIS4H5YywZw=",
      "requires": {
        "@babel/runtime": "^7.11.1",
        "classnames": "^2.2.1",
        "rc-resize-observer": "^1.0.0",
        "rc-util": "^5.5.1"
      }
    },
    "rc-pagination": {
      "version": "3.1.6",
      "resolved": "https://registry.npm.taobao.org/rc-pagination/download/rc-pagination-3.1.6.tgz?cache=0&sync_timestamp=1615454097975&other_urls=https%3A%2F%2Fregistry.npm.taobao.org%2Frc-pagination%2Fdownload%2Frc-pagination-3.1.6.tgz",
      "integrity": "sha1-2zwG5QJwtS/icqxSfB/cLI0orx8=",
      "requires": {
        "@babel/runtime": "^7.10.1",
        "classnames": "^2.2.1"
      }
    },
    "rc-picker": {
      "version": "2.5.10",
      "resolved": "https://registry.npm.taobao.org/rc-picker/download/rc-picker-2.5.10.tgz?cache=0&sync_timestamp=1615463440682&other_urls=https%3A%2F%2Fregistry.npm.taobao.org%2Frc-picker%2Fdownload%2Frc-picker-2.5.10.tgz",
      "integrity": "sha1-DbF8U1o3q75dAWvc37E9Zib4AtA=",
      "requires": {
        "@babel/runtime": "^7.10.1",
        "classnames": "^2.2.1",
        "date-fns": "^2.15.0",
        "moment": "^2.24.0",
        "rc-trigger": "^5.0.4",
        "rc-util": "^5.4.0",
        "shallowequal": "^1.1.0"
      }
    },
    "rc-progress": {
      "version": "3.1.3",
      "resolved": "https://registry.npm.taobao.org/rc-progress/download/rc-progress-3.1.3.tgz",
      "integrity": "sha1-132P0m2dlI1ywqKLZLcabobfJCY=",
      "requires": {
        "@babel/runtime": "^7.10.1",
        "classnames": "^2.2.6"
      }
    },
    "rc-rate": {
      "version": "2.9.1",
      "resolved": "https://registry.npm.taobao.org/rc-rate/download/rc-rate-2.9.1.tgz?cache=0&sync_timestamp=1605573559401&other_urls=https%3A%2F%2Fregistry.npm.taobao.org%2Frc-rate%2Fdownload%2Frc-rate-2.9.1.tgz",
      "integrity": "sha1-5Dy5XE65CiweCxbsZhTYxDUwpzE=",
      "requires": {
        "@babel/runtime": "^7.10.1",
        "classnames": "^2.2.5",
        "rc-util": "^5.0.1"
      }
    },
    "rc-resize-observer": {
      "version": "1.0.0",
      "resolved": "https://registry.npm.taobao.org/rc-resize-observer/download/rc-resize-observer-1.0.0.tgz?cache=0&sync_timestamp=1608864849776&other_urls=https%3A%2F%2Fregistry.npm.taobao.org%2Frc-resize-observer%2Fdownload%2Frc-resize-observer-1.0.0.tgz",
      "integrity": "sha1-l/uJhW9i/sMqtuQJM5Nc9Y4uEC0=",
      "requires": {
        "@babel/runtime": "^7.10.1",
        "classnames": "^2.2.1",
        "rc-util": "^5.0.0",
        "resize-observer-polyfill": "^1.5.1"
      }
    },
    "rc-select": {
      "version": "12.1.7",
      "resolved": "https://registry.npm.taobao.org/rc-select/download/rc-select-12.1.7.tgz?cache=0&sync_timestamp=1616123076786&other_urls=https%3A%2F%2Fregistry.npm.taobao.org%2Frc-select%2Fdownload%2Frc-select-12.1.7.tgz",
      "integrity": "sha1-RsFIM+V8BP5zOpRBjt+B3vDfV2A=",
      "requires": {
        "@babel/runtime": "^7.10.1",
        "classnames": "2.x",
        "rc-motion": "^2.0.1",
        "rc-overflow": "^1.0.0",
        "rc-trigger": "^5.0.4",
        "rc-util": "^5.0.1",
        "rc-virtual-list": "^3.2.0"
      }
    },
    "rc-slider": {
      "version": "9.7.1",
      "resolved": "https://registry.npm.taobao.org/rc-slider/download/rc-slider-9.7.1.tgz?cache=0&sync_timestamp=1608017964016&other_urls=https%3A%2F%2Fregistry.npm.taobao.org%2Frc-slider%2Fdownload%2Frc-slider-9.7.1.tgz",
      "integrity": "sha1-Y1NRd6dKPuRPCQkJ6Mb5hCbrnbo=",
      "requires": {
        "@babel/runtime": "^7.10.1",
        "classnames": "^2.2.5",
        "rc-tooltip": "^5.0.1",
        "rc-util": "^5.0.0",
        "shallowequal": "^1.1.0"
      }
    },
    "rc-steps": {
      "version": "4.1.3",
      "resolved": "https://registry.npm.taobao.org/rc-steps/download/rc-steps-4.1.3.tgz",
      "integrity": "sha1-IIWA4i22GeODDdt/pBvIhsZdmAM=",
      "requires": {
        "@babel/runtime": "^7.10.2",
        "classnames": "^2.2.3",
        "rc-util": "^5.0.1"
      }
    },
    "rc-switch": {
      "version": "3.2.2",
      "resolved": "https://registry.npm.taobao.org/rc-switch/download/rc-switch-3.2.2.tgz",
      "integrity": "sha1-0AH3fxJmTVJZW09vtCXdnmb7qOg=",
      "requires": {
        "@babel/runtime": "^7.10.1",
        "classnames": "^2.2.1",
        "rc-util": "^5.0.1"
      }
    },
    "rc-table": {
      "version": "7.13.3",
      "resolved": "https://registry.npm.taobao.org/rc-table/download/rc-table-7.13.3.tgz?cache=0&other_urls=https%3A%2F%2Fregistry.npm.taobao.org%2Frc-table%2Fdownload%2Frc-table-7.13.3.tgz",
      "integrity": "sha1-JdX17EfuLYopOv8YxMS4h294wis=",
      "requires": {
        "@babel/runtime": "^7.10.1",
        "classnames": "^2.2.5",
        "rc-resize-observer": "^1.0.0",
        "rc-util": "^5.4.0",
        "shallowequal": "^1.1.0"
      }
    },
    "rc-tabs": {
      "version": "11.7.3",
      "resolved": "https://registry.npm.taobao.org/rc-tabs/download/rc-tabs-11.7.3.tgz?cache=0&sync_timestamp=1608866497388&other_urls=https%3A%2F%2Fregistry.npm.taobao.org%2Frc-tabs%2Fdownload%2Frc-tabs-11.7.3.tgz",
      "integrity": "sha1-MqMOWcaZLWD7WBFboL8mUrM37UM=",
      "requires": {
        "@babel/runtime": "^7.11.2",
        "classnames": "2.x",
        "rc-dropdown": "^3.1.3",
        "rc-menu": "^8.6.1",
        "rc-resize-observer": "^1.0.0",
        "rc-util": "^5.5.0"
      }
    },
    "rc-textarea": {
      "version": "0.3.4",
      "resolved": "https://registry.npm.taobao.org/rc-textarea/download/rc-textarea-0.3.4.tgz?cache=0&sync_timestamp=1610543642911&other_urls=https%3A%2F%2Fregistry.npm.taobao.org%2Frc-textarea%2Fdownload%2Frc-textarea-0.3.4.tgz",
      "integrity": "sha1-FAimTIe15221yEdpnvmrXul91vk=",
      "requires": {
        "@babel/runtime": "^7.10.1",
        "classnames": "^2.2.1",
        "rc-resize-observer": "^1.0.0",
        "rc-util": "^5.7.0"
      }
    },
    "rc-tooltip": {
      "version": "5.1.0",
      "resolved": "https://registry.npm.taobao.org/rc-tooltip/download/rc-tooltip-5.1.0.tgz",
      "integrity": "sha1-q7RTxGPDGnBaoB0mgnn0rmrjsV8=",
      "requires": {
        "@babel/runtime": "^7.11.2",
        "rc-trigger": "^5.0.0"
      }
    },
    "rc-tree": {
      "version": "4.1.5",
      "resolved": "https://registry.npm.taobao.org/rc-tree/download/rc-tree-4.1.5.tgz?cache=0&sync_timestamp=1615351202230&other_urls=https%3A%2F%2Fregistry.npm.taobao.org%2Frc-tree%2Fdownload%2Frc-tree-4.1.5.tgz",
      "integrity": "sha1-c0qxv+g154eRvkFELKDlcRR6tvo=",
      "requires": {
        "@babel/runtime": "^7.10.1",
        "classnames": "2.x",
        "rc-motion": "^2.0.1",
        "rc-util": "^5.0.0",
        "rc-virtual-list": "^3.0.1"
      }
    },
    "rc-tree-select": {
      "version": "4.3.0",
      "resolved": "https://registry.npm.taobao.org/rc-tree-select/download/rc-tree-select-4.3.0.tgz?cache=0&sync_timestamp=1608802270853&other_urls=https%3A%2F%2Fregistry.npm.taobao.org%2Frc-tree-select%2Fdownload%2Frc-tree-select-4.3.0.tgz",
      "integrity": "sha1-cUpP5liqc/KnsKpL1uQ75jGUps4=",
      "requires": {
        "@babel/runtime": "^7.10.1",
        "classnames": "2.x",
        "rc-select": "^12.0.0",
        "rc-tree": "^4.0.0",
        "rc-util": "^5.0.5"
      }
    },
    "rc-trigger": {
      "version": "5.2.3",
      "resolved": "https://registry.npm.taobao.org/rc-trigger/download/rc-trigger-5.2.3.tgz?cache=0&sync_timestamp=1614070542951&other_urls=https%3A%2F%2Fregistry.npm.taobao.org%2Frc-trigger%2Fdownload%2Frc-trigger-5.2.3.tgz",
      "integrity": "sha1-jFUEarQy17UtUcaa+1frtbvjfhc=",
      "requires": {
        "@babel/runtime": "^7.11.2",
        "classnames": "^2.2.6",
        "rc-align": "^4.0.0",
        "rc-motion": "^2.0.0",
        "rc-util": "^5.5.0"
      }
    },
    "rc-upload": {
      "version": "4.2.0-alpha.0",
      "resolved": "https://registry.npm.taobao.org/rc-upload/download/rc-upload-4.2.0-alpha.0.tgz",
      "integrity": "sha1-Mm4WcoUcc/AcDiISdIdC2CZB+mI=",
      "requires": {
        "@babel/runtime": "^7.10.1",
        "classnames": "^2.2.5",
        "rc-util": "^5.2.0"
      }
    },
    "rc-util": {
      "version": "5.9.4",
      "resolved": "https://registry.npm.taobao.org/rc-util/download/rc-util-5.9.4.tgz",
      "integrity": "sha1-86UkDfRymf/370WGSkq+r0xg/5g=",
      "requires": {
        "@babel/runtime": "^7.12.5",
        "react-is": "^16.12.0",
        "shallowequal": "^1.1.0"
      }
    },
    "rc-virtual-list": {
      "version": "3.2.6",
      "resolved": "https://registry.npm.taobao.org/rc-virtual-list/download/rc-virtual-list-3.2.6.tgz?cache=0&sync_timestamp=1610703715099&other_urls=https%3A%2F%2Fregistry.npm.taobao.org%2Frc-virtual-list%2Fdownload%2Frc-virtual-list-3.2.6.tgz",
      "integrity": "sha1-LJKkD0Ql4ZiBs4E01r0oahETfS0=",
      "requires": {
        "classnames": "^2.2.6",
        "rc-resize-observer": "^1.0.0",
        "rc-util": "^5.0.7"
      }
    },
    "react-is": {
      "version": "16.13.1",
      "resolved": "https://registry.npm.taobao.org/react-is/download/react-is-16.13.1.tgz?cache=0&sync_timestamp=1616171639536&other_urls=https%3A%2F%2Fregistry.npm.taobao.org%2Freact-is%2Fdownload%2Freact-is-16.13.1.tgz",
      "integrity": "sha1-eJcppNw23imZ3BVt1sHZwYzqVqQ="
    },
    "react-router": {
      "version": "5.2.0",
      "resolved": "https://registry.npm.taobao.org/react-router/download/react-router-5.2.0.tgz",
      "integrity": "sha1-Qk51ZByodH+/duXsyml4GqN+opM=",
      "requires": {
        "@babel/runtime": "^7.1.2",
        "history": "^4.9.0",
        "hoist-non-react-statics": "^3.1.0",
        "loose-envify": "^1.3.1",
        "mini-create-react-context": "^0.4.0",
        "path-to-regexp": "^1.7.0",
        "prop-types": "^15.6.2",
        "react-is": "^16.6.0",
        "tiny-invariant": "^1.0.2",
        "tiny-warning": "^1.0.0"
      }
    },
    "react-router-dom": {
      "version": "5.2.0",
      "resolved": "https://registry.npm.taobao.org/react-router-dom/download/react-router-dom-5.2.0.tgz",
      "integrity": "sha1-nmWk0MReEyieZsexfH4XXQ6hVmI=",
      "requires": {
        "@babel/runtime": "^7.1.2",
        "history": "^4.9.0",
        "loose-envify": "^1.3.1",
        "prop-types": "^15.6.2",
        "react-router": "5.2.0",
        "tiny-invariant": "^1.0.2",
        "tiny-warning": "^1.0.0"
      }
    },
    "regenerator-runtime": {
      "version": "0.13.7",
      "resolved": "https://registry.npm.taobao.org/regenerator-runtime/download/regenerator-runtime-0.13.7.tgz",
      "integrity": "sha1-ysLazIoepnX+qrrriugziYrkb1U="
    },
    "resize-observer-polyfill": {
      "version": "1.5.1",
      "resolved": "https://registry.npm.taobao.org/resize-observer-polyfill/download/resize-observer-polyfill-1.5.1.tgz",
      "integrity": "sha1-DpAg3T0hAkRY1OvSfiPkAmmBBGQ="
    },
    "resolve-pathname": {
      "version": "3.0.0",
      "resolved": "https://registry.npm.taobao.org/resolve-pathname/download/resolve-pathname-3.0.0.tgz",
      "integrity": "sha1-mdAiJNPPJjaJvsuzk7xWAxMCXc0="
    },
    "scroll-into-view-if-needed": {
      "version": "2.2.27",
      "resolved": "https://registry.npm.taobao.org/scroll-into-view-if-needed/download/scroll-into-view-if-needed-2.2.27.tgz?cache=0&sync_timestamp=1614136788350&other_urls=https%3A%2F%2Fregistry.npm.taobao.org%2Fscroll-into-view-if-needed%2Fdownload%2Fscroll-into-view-if-needed-2.2.27.tgz",
      "integrity": "sha1-xpbkObtQEoq8VYMXs5ySmQe9BiA=",
      "requires": {
        "compute-scroll-into-view": "^1.0.16"
      }
    },
    "shallowequal": {
      "version": "1.1.0",
      "resolved": "https://registry.npm.taobao.org/shallowequal/download/shallowequal-1.1.0.tgz",
      "integrity": "sha1-GI1SHelbkIdAT9TctosT3wrk5/g="
    },
    "string-convert": {
      "version": "0.2.1",
      "resolved": "https://registry.npm.taobao.org/string-convert/download/string-convert-0.2.1.tgz",
      "integrity": "sha1-aYLMMEn7tM2F+LJFaLnZvznu/5c="
    },
    "tiny-invariant": {
      "version": "1.1.0",
      "resolved": "https://registry.npm.taobao.org/tiny-invariant/download/tiny-invariant-1.1.0.tgz",
      "integrity": "sha1-Y0xfjv3CdxS384bDXmdgmR0jCHU="
    },
    "tiny-warning": {
      "version": "1.0.3",
      "resolved": "https://registry.npm.taobao.org/tiny-warning/download/tiny-warning-1.0.3.tgz",
      "integrity": "sha1-lKMNtFPfTGQ9D9VmBg1gqHXYR1Q="
    },
    "toggle-selection": {
      "version": "1.0.6",
      "resolved": "https://registry.npm.taobao.org/toggle-selection/download/toggle-selection-1.0.6.tgz",
      "integrity": "sha1-bkWxJj8gF/oKzH2J14sVuL932jI="
    },
    "value-equal": {
      "version": "1.0.1",
      "resolved": "https://registry.npm.taobao.org/value-equal/download/value-equal-1.0.1.tgz",
      "integrity": "sha1-Hgt5THNMXAyt4XnEN9NW2TGjTWw="
    },
    "warning": {
      "version": "4.0.3",
      "resolved": "https://registry.npm.taobao.org/warning/download/warning-4.0.3.tgz",
      "integrity": "sha1-Fungd+uKhtavfWSqHgX9hbRnjKM=",
      "requires": {
        "loose-envify": "^1.0.0"
      }
    }
  }
}
